<?xml version="1.0" encoding="utf-8"?>
<Project ToolsVersion="4.0" xmlns="http://schemas.microsoft.com/developer/msbuild/2003">
  <ItemGroup>
    <Filter Include="Source Files">
      <UniqueIdentifier>{4FC737F1-C7A5-4376-A066-2A32D752A2FF}</UniqueIdentifier>
      <Extensions>cpp;c;cxx;def;odl;idl;hpj;bat;asm;asmx</Extensions>
    </Filter>
    <Filter Include="Header Files">
      <UniqueIdentifier>{93995380-89BD-4b04-88EB-625FBE52EBFB}</UniqueIdentifier>
      <Extensions>h;hpp;hxx;hm;inl;inc;xsd</Extensions>
    </Filter>
    <Filter Include="Resource Files">
      <UniqueIdentifier>{67DA6AB6-F800-4c08-8B7A-83BB121AAD01}</UniqueIdentifier>
      <Extensions>rc;ico;cur;bmp;dlg;rc2;rct;bin;rgs;gif;jpg;jpeg;jpe;resx</Extensions>
    </Filter>
    <Filter Include="HTML Help Files">
      <UniqueIdentifier>{869a870c-282c-4254-a8c2-75937924519a}</UniqueIdentifier>
      <Extensions>hhp;hhc;hhk;gif;jpg</Extensions>
    </Filter>
    <Filter Include="HTML Help Topics">
      <UniqueIdentifier>{bfc27861-3102-4622-9e70-4d8ee9d6dc9f}</UniqueIdentifier>
      <Extensions>htm;html</Extensions>
    </Filter>
  </ItemGroup>
  <ItemGroup>
    <ClCompile Include="boyscout.cpp">
      <Filter>Source Files</Filter>
    </ClCompile>
    <ClCompile Include="boyscoutDlg.cpp">
      <Filter>Source Files</Filter>
    </ClCompile>
    <ClCompile Include="DlgProxy.cpp">
      <Filter>Source Files</Filter>
    </ClCompile>
    <ClCompile Include="folderSplitter.cpp">
      <Filter>Source Files</Filter>
    </ClCompile>
    <ClCompile Include="stdafx.cpp">
      <Filter>Source Files</Filter>
    </ClCompile>
  </ItemGroup>
  <ItemGroup>
    <Midl Include="boyscout.idl">
      <Filter>Source Files</Filter>
    </Midl>
  </ItemGroup>
  <ItemGroup>
    <ClInclude Include="boyscout.h">
      <Filter>Header Files</Filter>
    </ClInclude>
    <ClInclude Include="boyscoutDlg.h">
      <Filter>Header Files</Filter>
    </ClInclude>
    <ClInclude Include="DlgProxy.h">
      <Filter>Header Files</Filter>
    </ClInclude>
    <ClInclude Include="folderSplitter.h">
      <Filter>Header Files</Filter>
    </ClInclude>
    <ClInclude Include="stdafx.h">
      <Filter>Header Files</Filter>
    </ClInclude>
  </ItemGroup>
  <ItemGroup>
    <None Include="res\adt.ICO">
      <Filter>Resource Files</Filter>
    </None>
    <None Include="res\bitmap1.bmp">
      <Filter>Resource Files</Filter>
    </None>
    <None Include="res\boyscout.ico">
      <Filter>Resource Files</Filter>
    </None>
    <None Include="res\icon1.ico">
      <Filter>Resource Files</Filter>
    </None>
    <None Include="res\tvCutObj.ico">
      <Filter>Resource Files</Filter>
    </None>
    <None Include="hlp\boyscout.hhc">
      <Filter>HTML Help Files</Filter>
    </None>
    <None Include="hlp\boyscout.hhk">
      <Filter>HTML Help Files</Filter>
    </None>
    <None Include="hlp\BoyScoutAbout.htm">
      <Filter>HTML Help Topics</Filter>
    </None>
    <None Include="hlp\BoyScoutFAQs.htm">
      <Filter>HTML Help Topics</Filter>
    </None>
    <None Include="hlp\BoyScoutLicense.htm">
      <Filter>HTML Help Topics</Filter>
    </None>
    <None Include="boyscout.reg" />
    <None Include="ReadMe.txt" />
  </ItemGroup>
  <ItemGroup>
    <ResourceCompile Include="boyscout.rc">
      <Filter>Resource Files</Filter>
    </ResourceCompile>
  </ItemGroup>
  <ItemGroup>
    <Manifest Include="res\boyscout.manifest" />
  </ItemGroup>
  <ItemGroup>
    <CustomBuild Include="Resource.h">
      <Filter>Header Files</Filter>
    </CustomBuild>
    <CustomBuild Include="hlp\boyscout.hhp">
      <Filter>HTML Help Files</Filter>
    </CustomBuild>
  </ItemGroup>
</Project>